
Microsoft Visual Studio Solution File, Format Version 12.00
# Visual Studio Version 16
VisualStudioVersion = 16.0.30503.244
MinimumVisualStudioVersion = 10.0.40219.1
Project("{FAE04EC0-301F-11D3-BF4B-00C04F79EFBC}") = "bt4windowform", "bt4windowform\bt4windowform.csproj", "{78A9BC1A-CD23-4AD8-9454-251C7D428088}"
EndProject
Global
	GlobalSection(SolutionConfigurationPlatforms) = preSolution
		Debug|Any CPU = Debug|Any CPU
		Release|Any CPU = Release|Any CPU
	EndGlobalSection
	GlobalSection(ProjectConfigurationPlatforms) = postSolution
		{78A9BC1A-CD23-4AD8-9454-251C7D428088}.Debug|Any CPU.ActiveCfg = Debug|Any CPU
		{78A9BC1A-CD23-4AD8-9454-251C7D428088}.Debug|Any CPU.Build.0 = Debug|Any CPU
		{78A9BC1A-CD23-4AD8-9454-251C7D428088}.Release|Any CPU.ActiveCfg = Release|Any CPU
		{78A9BC1A-CD23-4AD8-9454-251C7D428088}.Release|Any CPU.Build.0 = Release|Any CPU
	EndGlobalSection
	GlobalSection(SolutionProperties) = preSolution
		HideSolutionNode = FALSE
	EndGlobalSection
	GlobalSection(ExtensibilityGlobals) = postSolution
		SolutionGuid = {795F505E-147F-4B91-912B-294A986036B9}
	EndGlobalSection
EndGlobal
